// !$*UTF8*$!
{
	archiveVersion = 1;
	classes = {
	};
	objectVersion = 50;
	objects = {

/* Begin PBXBuildFile section */
		0DDE389B20A6BFA6001E7998 /* AppDelegate.swift in Sources */ = {isa = PBXBuildFile; fileRef = 0DDE389A20A6BFA6001E7998 /* AppDelegate.swift */; };
		0DDE389D20A6BFA6001E7998 /* ViewController.swift in Sources */ = {isa = PBXBuildFile; fileRef = 0DDE389C20A6BFA6001E7998 /* ViewController.swift */; };
		0DDE38A020A6BFA6001E7998 /* Main.storyboard in Resources */ = {isa = PBXBuildFile; fileRef = 0DDE389E20A6BFA6001E7998 /* Main.storyboard */; };
		0DDE38A220A6BFA7001E7998 /* Assets.xcassets in Resources */ = {isa = PBXBuildFile; fileRef = 0DDE38A120A6BFA7001E7998 /* Assets.xcassets */; };
		0DDE38A520A6BFA7001E7998 /* LaunchScreen.storyboard in Resources */ = {isa = PBXBuildFile; fileRef = 0DDE38A320A6BFA7001E7998 /* LaunchScreen.storyboard */; };
		0DDE38B020A6BFA7001E7998 /* manjiTests.swift in Sources */ = {isa = PBXBuildFile; fileRef = 0DDE38AF20A6BFA7001E7998 /* manjiTests.swift */; };
		0DDE38BB20A6BFA7001E7998 /* manjiUITests.swift in Sources */ = {isa = PBXBuildFile; fileRef = 0DDE38BA20A6BFA7001E7998 /* manjiUITests.swift */; };
		0DDE38D820A6C7BD001E7998 /* ApiClient.swift in Sources */ = {isa = PBXBuildFile; fileRef = 0DDE38D620A6C7BD001E7998 /* ApiClient.swift */; };
		0DDE38D920A6C7BD001E7998 /* Api.swift in Sources */ = {isa = PBXBuildFile; fileRef = 0DDE38D720A6C7BD001E7998 /* Api.swift */; };
		0DDE38DB20A74FBD001E7998 /* Diary.swift in Sources */ = {isa = PBXBuildFile; fileRef = 0DDE38DA20A74FBD001E7998 /* Diary.swift */; };
		1009357754D8662B4B7022BE /* Pods_manji.framework in Frameworks */ = {isa = PBXBuildFile; fileRef = 16D49F998D9787473F3433E7 /* Pods_manji.framework */; };
		5EEED02EE5187BC41861E66D /* Pods_manjiTests.framework in Frameworks */ = {isa = PBXBuildFile; fileRef = 0F1763A3712EB48A9106E2B4 /* Pods_manjiTests.framework */; };
		8F72A87320A6D09A00FC09DB /* DetailViewController.swift in Sources */ = {isa = PBXBuildFile; fileRef = 8F72A87220A6D09A00FC09DB /* DetailViewController.swift */; };
		8F72A87520A6D96E00FC09DB /* NewViewController.swift in Sources */ = {isa = PBXBuildFile; fileRef = 8F72A87420A6D96E00FC09DB /* NewViewController.swift */; };
		8F72A88520A75AD300FC09DB /* pic_04.jpg in Resources */ = {isa = PBXBuildFile; fileRef = 8F72A88420A75AD300FC09DB /* pic_04.jpg */; };
		8F72A88720A75C4E00FC09DB /* bg_top.png in Resources */ = {isa = PBXBuildFile; fileRef = 8F72A88620A75C4E00FC09DB /* bg_top.png */; };
		8F72A88920A75D8E00FC09DB /* btn_01.png in Resources */ = {isa = PBXBuildFile; fileRef = 8F72A88820A75D8E00FC09DB /* btn_01.png */; };
		8F72A88B20A75D9600FC09DB /* btn_02.png in Resources */ = {isa = PBXBuildFile; fileRef = 8F72A88A20A75D9600FC09DB /* btn_02.png */; };
		8F72A88D20A75F4900FC09DB /* img_02.png in Resources */ = {isa = PBXBuildFile; fileRef = 8F72A88C20A75F4800FC09DB /* img_02.png */; };
		8F72A88F20A75F5100FC09DB /* img_01.png in Resources */ = {isa = PBXBuildFile; fileRef = 8F72A88E20A75F5000FC09DB /* img_01.png */; };
		8F72A89120A76D1C00FC09DB /* btn_05.png in Resources */ = {isa = PBXBuildFile; fileRef = 8F72A89020A76D1C00FC09DB /* btn_05.png */; };
		8F72A89320A7747B00FC09DB /* btn_03.png in Resources */ = {isa = PBXBuildFile; fileRef = 8F72A89220A7747B00FC09DB /* btn_03.png */; };
		C38B255259268D5530624D0A /* Pods_manjiUITests.framework in Frameworks */ = {isa = PBXBuildFile; fileRef = BA2A8DD32ECA1F49BE03B5E0 /* Pods_manjiUITests.framework */; };
/* End PBXBuildFile section */

/* Begin PBXContainerItemProxy section */
		0DDE38AC20A6BFA7001E7998 /* PBXContainerItemProxy */ = {
			isa = PBXContainerItemProxy;
			containerPortal = 0DDE388F20A6BFA6001E7998 /* Project object */;
			proxyType = 1;
			remoteGlobalIDString = 0DDE389620A6BFA6001E7998;
			remoteInfo = manji;
		};
		0DDE38B720A6BFA7001E7998 /* PBXContainerItemProxy */ = {
			isa = PBXContainerItemProxy;
			containerPortal = 0DDE388F20A6BFA6001E7998 /* Project object */;
			proxyType = 1;
			remoteGlobalIDString = 0DDE389620A6BFA6001E7998;
			remoteInfo = manji;
		};
/* End PBXContainerItemProxy section */

/* Begin PBXFileReference section */
		0DDE389720A6BFA6001E7998 /* manji.app */ = {isa = PBXFileReference; explicitFileType = wrapper.application; includeInIndex = 0; path = manji.app; sourceTree = BUILT_PRODUCTS_DIR; };
		0DDE389A20A6BFA6001E7998 /* AppDelegate.swift */ = {isa = PBXFileReference; lastKnownFileType = sourcecode.swift; path = AppDelegate.swift; sourceTree = "<group>"; };
		0DDE389C20A6BFA6001E7998 /* ViewController.swift */ = {isa = PBXFileReference; lastKnownFileType = sourcecode.swift; path = ViewController.swift; sourceTree = "<group>"; };
		0DDE389F20A6BFA6001E7998 /* Base */ = {isa = PBXFileReference; lastKnownFileType = file.storyboard; name = Base; path = Base.lproj/Main.storyboard; sourceTree = "<group>"; };
		0DDE38A120A6BFA7001E7998 /* Assets.xcassets */ = {isa = PBXFileReference; lastKnownFileType = folder.assetcatalog; path = Assets.xcassets; sourceTree = "<group>"; };
		0DDE38A420A6BFA7001E7998 /* Base */ = {isa = PBXFileReference; lastKnownFileType = file.storyboard; name = Base; path = Base.lproj/LaunchScreen.storyboard; sourceTree = "<group>"; };
		0DDE38A620A6BFA7001E7998 /* Info.plist */ = {isa = PBXFileReference; lastKnownFileType = text.plist.xml; path = Info.plist; sourceTree = "<group>"; };
		0DDE38AB20A6BFA7001E7998 /* manjiTests.xctest */ = {isa = PBXFileReference; explicitFileType = wrapper.cfbundle; includeInIndex = 0; path = manjiTests.xctest; sourceTree = BUILT_PRODUCTS_DIR; };
		0DDE38AF20A6BFA7001E7998 /* manjiTests.swift */ = {isa = PBXFileReference; lastKnownFileType = sourcecode.swift; path = manjiTests.swift; sourceTree = "<group>"; };
		0DDE38B120A6BFA7001E7998 /* Info.plist */ = {isa = PBXFileReference; lastKnownFileType = text.plist.xml; path = Info.plist; sourceTree = "<group>"; };
		0DDE38B620A6BFA7001E7998 /* manjiUITests.xctest */ = {isa = PBXFileReference; explicitFileType = wrapper.cfbundle; includeInIndex = 0; path = manjiUITests.xctest; sourceTree = BUILT_PRODUCTS_DIR; };
		0DDE38BA20A6BFA7001E7998 /* manjiUITests.swift */ = {isa = PBXFileReference; lastKnownFileType = sourcecode.swift; path = manjiUITests.swift; sourceTree = "<group>"; };
		0DDE38BC20A6BFA7001E7998 /* Info.plist */ = {isa = PBXFileReference; lastKnownFileType = text.plist.xml; path = Info.plist; sourceTree = "<group>"; };
		0DDE38D620A6C7BD001E7998 /* ApiClient.swift */ = {isa = PBXFileReference; fileEncoding = 4; lastKnownFileType = sourcecode.swift; path = ApiClient.swift; sourceTree = "<group>"; };
		0DDE38D720A6C7BD001E7998 /* Api.swift */ = {isa = PBXFileReference; fileEncoding = 4; lastKnownFileType = sourcecode.swift; path = Api.swift; sourceTree = "<group>"; };
		0DDE38DA20A74FBD001E7998 /* Diary.swift */ = {isa = PBXFileReference; lastKnownFileType = sourcecode.swift; path = Diary.swift; sourceTree = "<group>"; };
		0F1763A3712EB48A9106E2B4 /* Pods_manjiTests.framework */ = {isa = PBXFileReference; explicitFileType = wrapper.framework; includeInIndex = 0; path = Pods_manjiTests.framework; sourceTree = BUILT_PRODUCTS_DIR; };
		10164D2C73EA16136C992DBB /* Pods-manjiTests.debug.xcconfig */ = {isa = PBXFileReference; includeInIndex = 1; lastKnownFileType = text.xcconfig; name = "Pods-manjiTests.debug.xcconfig"; path = "Pods/Target Support Files/Pods-manjiTests/Pods-manjiTests.debug.xcconfig"; sourceTree = "<group>"; };
		16D49F998D9787473F3433E7 /* Pods_manji.framework */ = {isa = PBXFileReference; explicitFileType = wrapper.framework; includeInIndex = 0; path = Pods_manji.framework; sourceTree = BUILT_PRODUCTS_DIR; };
		2127F261E27CA2F85BE9BADA /* Pods-manjiUITests.release.xcconfig */ = {isa = PBXFileReference; includeInIndex = 1; lastKnownFileType = text.xcconfig; name = "Pods-manjiUITests.release.xcconfig"; path = "Pods/Target Support Files/Pods-manjiUITests/Pods-manjiUITests.release.xcconfig"; sourceTree = "<group>"; };
		24C9AA1A316C24BE6D0DC7F4 /* Pods-manji.release.xcconfig */ = {isa = PBXFileReference; includeInIndex = 1; lastKnownFileType = text.xcconfig; name = "Pods-manji.release.xcconfig"; path = "Pods/Target Support Files/Pods-manji/Pods-manji.release.xcconfig"; sourceTree = "<group>"; };
		4842AE24E264359CE9A587E4 /* Pods-manjiTests.release.xcconfig */ = {isa = PBXFileReference; includeInIndex = 1; lastKnownFileType = text.xcconfig; name = "Pods-manjiTests.release.xcconfig"; path = "Pods/Target Support Files/Pods-manjiTests/Pods-manjiTests.release.xcconfig"; sourceTree = "<group>"; };
		8F72A87220A6D09A00FC09DB /* DetailViewController.swift */ = {isa = PBXFileReference; lastKnownFileType = sourcecode.swift; path = DetailViewController.swift; sourceTree = "<group>"; };
		8F72A87420A6D96E00FC09DB /* NewViewController.swift */ = {isa = PBXFileReference; lastKnownFileType = sourcecode.swift; path = NewViewController.swift; sourceTree = "<group>"; };
		8F72A88420A75AD300FC09DB /* pic_04.jpg */ = {isa = PBXFileReference; lastKnownFileType = image.jpeg; name = pic_04.jpg; path = ../../../../../Downloads/pic_04.jpg; sourceTree = "<group>"; };
		8F72A88620A75C4E00FC09DB /* bg_top.png */ = {isa = PBXFileReference; lastKnownFileType = image.png; path = bg_top.png; sourceTree = "<group>"; };
		8F72A88820A75D8E00FC09DB /* btn_01.png */ = {isa = PBXFileReference; lastKnownFileType = image.png; path = btn_01.png; sourceTree = "<group>"; };
		8F72A88A20A75D9600FC09DB /* btn_02.png */ = {isa = PBXFileReference; lastKnownFileType = image.png; path = btn_02.png; sourceTree = "<group>"; };
		8F72A88C20A75F4800FC09DB /* img_02.png */ = {isa = PBXFileReference; lastKnownFileType = image.png; path = img_02.png; sourceTree = "<group>"; };
		8F72A88E20A75F5000FC09DB /* img_01.png */ = {isa = PBXFileReference; lastKnownFileType = image.png; path = img_01.png; sourceTree = "<group>"; };
		8F72A89020A76D1C00FC09DB /* btn_05.png */ = {isa = PBXFileReference; lastKnownFileType = image.png; path = btn_05.png; sourceTree = "<group>"; };
		8F72A89220A7747B00FC09DB /* btn_03.png */ = {isa = PBXFileReference; lastKnownFileType = image.png; path = btn_03.png; sourceTree = "<group>"; };
		AFEE13AA61F50838F45E9862 /* Pods-manji.debug.xcconfig */ = {isa = PBXFileReference; includeInIndex = 1; lastKnownFileType = text.xcconfig; name = "Pods-manji.debug.xcconfig"; path = "Pods/Target Support Files/Pods-manji/Pods-manji.debug.xcconfig"; sourceTree = "<group>"; };
		BA2A8DD32ECA1F49BE03B5E0 /* Pods_manjiUITests.framework */ = {isa = PBXFileReference; explicitFileType = wrapper.framework; includeInIndex = 0; path = Pods_manjiUITests.framework; sourceTree = BUILT_PRODUCTS_DIR; };
		E011BFD7BA9CC3B772D962CC /* Pods-manjiUITests.debug.xcconfig */ = {isa = PBXFileReference; includeInIndex = 1; lastKnownFileType = text.xcconfig; name = "Pods-manjiUITests.debug.xcconfig"; path = "Pods/Target Support Files/Pods-manjiUITests/Pods-manjiUITests.debug.xcconfig"; sourceTree = "<group>"; };
/* End PBXFileReference section */

/* Begin PBXFrameworksBuildPhase section */
		0DDE389420A6BFA6001E7998 /* Frameworks */ = {
			isa = PBXFrameworksBuildPhase;
			buildActionMask = 2147483647;
			files = (
				1009357754D8662B4B7022BE /* Pods_manji.framework in Frameworks */,
			);
			runOnlyForDeploymentPostprocessing = 0;
		};
		0DDE38A820A6BFA7001E7998 /* Frameworks */ = {
			isa = PBXFrameworksBuildPhase;
			buildActionMask = 2147483647;
			files = (
				5EEED02EE5187BC41861E66D /* Pods_manjiTests.framework in Frameworks */,
			);
			runOnlyForDeploymentPostprocessing = 0;
		};
		0DDE38B320A6BFA7001E7998 /* Frameworks */ = {
			isa = PBXFrameworksBuildPhase;
			buildActionMask = 2147483647;
			files = (
				C38B255259268D5530624D0A /* Pods_manjiUITests.framework in Frameworks */,
			);
			runOnlyForDeploymentPostprocessing = 0;
		};
/* End PBXFrameworksBuildPhase section */

/* Begin PBXGroup section */
		0DDE388E20A6BFA6001E7998 = {
			isa = PBXGroup;
			children = (
				0DDE389920A6BFA6001E7998 /* manji */,
				0DDE38AE20A6BFA7001E7998 /* manjiTests */,
				0DDE38B920A6BFA7001E7998 /* manjiUITests */,
				0DDE389820A6BFA6001E7998 /* Products */,
				3C10A7C4A524CBB68430758A /* Pods */,
				A96BE76089851E8D58A3200A /* Frameworks */,
			);
			sourceTree = "<group>";
		};
		0DDE389820A6BFA6001E7998 /* Products */ = {
			isa = PBXGroup;
			children = (
				0DDE389720A6BFA6001E7998 /* manji.app */,
				0DDE38AB20A6BFA7001E7998 /* manjiTests.xctest */,
				0DDE38B620A6BFA7001E7998 /* manjiUITests.xctest */,
			);
			name = Products;
			sourceTree = "<group>";
		};
		0DDE389920A6BFA6001E7998 /* manji */ = {
			isa = PBXGroup;
			children = (
				0DDE38D520A6C7BD001E7998 /* Models */,
				0DDE38C920A6C4CB001E7998 /* Views */,
				0DDE389A20A6BFA6001E7998 /* AppDelegate.swift */,
				0DDE389E20A6BFA6001E7998 /* Main.storyboard */,
				0DDE38A120A6BFA7001E7998 /* Assets.xcassets */,
				0DDE38A320A6BFA7001E7998 /* LaunchScreen.storyboard */,
				0DDE38A620A6BFA7001E7998 /* Info.plist */,
			);
			path = manji;
			sourceTree = "<group>";
		};
		0DDE38AE20A6BFA7001E7998 /* manjiTests */ = {
			isa = PBXGroup;
			children = (
				0DDE38AF20A6BFA7001E7998 /* manjiTests.swift */,
				0DDE38B120A6BFA7001E7998 /* Info.plist */,
			);
			path = manjiTests;
			sourceTree = "<group>";
		};
		0DDE38B920A6BFA7001E7998 /* manjiUITests */ = {
			isa = PBXGroup;
			children = (
				0DDE38BA20A6BFA7001E7998 /* manjiUITests.swift */,
				0DDE38BC20A6BFA7001E7998 /* Info.plist */,
			);
			path = manjiUITests;
			sourceTree = "<group>";
		};
		0DDE38C920A6C4CB001E7998 /* Views */ = {
			isa = PBXGroup;
			children = (
				8F72A89220A7747B00FC09DB /* btn_03.png */,
				8F72A89020A76D1C00FC09DB /* btn_05.png */,
				8F72A88C20A75F4800FC09DB /* img_02.png */,
				8F72A88E20A75F5000FC09DB /* img_01.png */,
				8F72A88820A75D8E00FC09DB /* btn_01.png */,
				8F72A88A20A75D9600FC09DB /* btn_02.png */,
				8F72A88620A75C4E00FC09DB /* bg_top.png */,
				8F72A88420A75AD300FC09DB /* pic_04.jpg */,
				0DDE389C20A6BFA6001E7998 /* ViewController.swift */,
				8F72A87220A6D09A00FC09DB /* DetailViewController.swift */,
				8F72A87420A6D96E00FC09DB /* NewViewController.swift */,
			);
			path = Views;
			sourceTree = "<group>";
		};
		0DDE38D520A6C7BD001E7998 /* Models */ = {
			isa = PBXGroup;
			children = (
				0DDE38D620A6C7BD001E7998 /* ApiClient.swift */,
				0DDE38D720A6C7BD001E7998 /* Api.swift */,
				0DDE38DA20A74FBD001E7998 /* Diary.swift */,
			);
			path = Models;
			sourceTree = "<group>";
		};
		3C10A7C4A524CBB68430758A /* Pods */ = {
			isa = PBXGroup;
			children = (
				AFEE13AA61F50838F45E9862 /* Pods-manji.debug.xcconfig */,
				24C9AA1A316C24BE6D0DC7F4 /* Pods-manji.release.xcconfig */,
				10164D2C73EA16136C992DBB /* Pods-manjiTests.debug.xcconfig */,
				4842AE24E264359CE9A587E4 /* Pods-manjiTests.release.xcconfig */,
				E011BFD7BA9CC3B772D962CC /* Pods-manjiUITests.debug.xcconfig */,
				2127F261E27CA2F85BE9BADA /* Pods-manjiUITests.release.xcconfig */,
			);
			name = Pods;
			sourceTree = "<group>";
		};
		A96BE76089851E8D58A3200A /* Frameworks */ = {
			isa = PBXGroup;
			children = (
				16D49F998D9787473F3433E7 /* Pods_manji.framework */,
				0F1763A3712EB48A9106E2B4 /* Pods_manjiTests.framework */,
				BA2A8DD32ECA1F49BE03B5E0 /* Pods_manjiUITests.framework */,
			);
			name = Frameworks;
			sourceTree = "<group>";
		};
/* End PBXGroup section */

/* Begin PBXNativeTarget section */
		0DDE389620A6BFA6001E7998 /* manji */ = {
			isa = PBXNativeTarget;
			buildConfigurationList = 0DDE38BF20A6BFA7001E7998 /* Build configuration list for PBXNativeTarget "manji" */;
			buildPhases = (
				1FA862D97E989A65200B16BB /* [CP] Check Pods Manifest.lock */,
				0DDE389320A6BFA6001E7998 /* Sources */,
				0DDE389420A6BFA6001E7998 /* Frameworks */,
				0DDE389520A6BFA6001E7998 /* Resources */,
				9EFD5A0F4F6714FC7E932837 /* [CP] Embed Pods Frameworks */,
			);
			buildRules = (
			);
			dependencies = (
			);
			name = manji;
			productName = manji;
			productReference = 0DDE389720A6BFA6001E7998 /* manji.app */;
			productType = "com.apple.product-type.application";
		};
		0DDE38AA20A6BFA7001E7998 /* manjiTests */ = {
			isa = PBXNativeTarget;
			buildConfigurationList = 0DDE38C220A6BFA7001E7998 /* Build configuration list for PBXNativeTarget "manjiTests" */;
			buildPhases = (
				92A1896BFCF6CB69A61DA42E /* [CP] Check Pods Manifest.lock */,
				0DDE38A720A6BFA7001E7998 /* Sources */,
				0DDE38A820A6BFA7001E7998 /* Frameworks */,
				0DDE38A920A6BFA7001E7998 /* Resources */,
				F66F4FF0FFF934812E613DBC /* [CP] Embed Pods Frameworks */,
			);
			buildRules = (
			);
			dependencies = (
				0DDE38AD20A6BFA7001E7998 /* PBXTargetDependency */,
			);
			name = manjiTests;
			productName = manjiTests;
			productReference = 0DDE38AB20A6BFA7001E7998 /* manjiTests.xctest */;
			productType = "com.apple.product-type.bundle.unit-test";
		};
		0DDE38B520A6BFA7001E7998 /* manjiUITests */ = {
			isa = PBXNativeTarget;
			buildConfigurationList = 0DDE38C520A6BFA7001E7998 /* Build configuration list for PBXNativeTarget "manjiUITests" */;
			buildPhases = (
				6F8FD6F9E1CCB7DD0AAE5525 /* [CP] Check Pods Manifest.lock */,
				0DDE38B220A6BFA7001E7998 /* Sources */,
				0DDE38B320A6BFA7001E7998 /* Frameworks */,
				0DDE38B420A6BFA7001E7998 /* Resources */,
			);
			buildRules = (
			);
			dependencies = (
				0DDE38B820A6BFA7001E7998 /* PBXTargetDependency */,
			);
			name = manjiUITests;
			productName = manjiUITests;
			productReference = 0DDE38B620A6BFA7001E7998 /* manjiUITests.xctest */;
			productType = "com.apple.product-type.bundle.ui-testing";
		};
/* End PBXNativeTarget section */

/* Begin PBXProject section */
		0DDE388F20A6BFA6001E7998 /* Project object */ = {
			isa = PBXProject;
			attributes = {
				LastSwiftUpdateCheck = 0930;
				LastUpgradeCheck = 0930;
				ORGANIZATIONNAME = "会津慎弥";
				TargetAttributes = {
					0DDE389620A6BFA6001E7998 = {
						CreatedOnToolsVersion = 9.3;
					};
					0DDE38AA20A6BFA7001E7998 = {
						CreatedOnToolsVersion = 9.3;
						TestTargetID = 0DDE389620A6BFA6001E7998;
					};
					0DDE38B520A6BFA7001E7998 = {
						CreatedOnToolsVersion = 9.3;
						TestTargetID = 0DDE389620A6BFA6001E7998;
					};
				};
			};
			buildConfigurationList = 0DDE389220A6BFA6001E7998 /* Build configuration list for PBXProject "manji" */;
			compatibilityVersion = "Xcode 9.3";
			developmentRegion = en;
			hasScannedForEncodings = 0;
			knownRegions = (
				en,
				Base,
			);
			mainGroup = 0DDE388E20A6BFA6001E7998;
			productRefGroup = 0DDE389820A6BFA6001E7998 /* Products */;
			projectDirPath = "";
			projectRoot = "";
			targets = (
				0DDE389620A6BFA6001E7998 /* manji */,
				0DDE38AA20A6BFA7001E7998 /* manjiTests */,
				0DDE38B520A6BFA7001E7998 /* manjiUITests */,
			);
		};
/* End PBXProject section */

/* Begin PBXResourcesBuildPhase section */
		0DDE389520A6BFA6001E7998 /* Resources */ = {
			isa = PBXResourcesBuildPhase;
			buildActionMask = 2147483647;
			files = (
				8F72A88B20A75D9600FC09DB /* btn_02.png in Resources */,
				8F72A88F20A75F5100FC09DB /* img_01.png in Resources */,
				8F72A88520A75AD300FC09DB /* pic_04.jpg in Resources */,
				8F72A89120A76D1C00FC09DB /* btn_05.png in Resources */,
				8F72A88920A75D8E00FC09DB /* btn_01.png in Resources */,
				8F72A88D20A75F4900FC09DB /* img_02.png in Resources */,
				8F72A89320A7747B00FC09DB /* btn_03.png in Resources */,
				0DDE38A520A6BFA7001E7998 /* LaunchScreen.storyboard in Resources */,
				8F72A88720A75C4E00FC09DB /* bg_top.png in Resources */,
				0DDE38A220A6BFA7001E7998 /* Assets.xcassets in Resources */,
				0DDE38A020A6BFA6001E7998 /* Main.storyboard in Resources */,
			);
			runOnlyForDeploymentPostprocessing = 0;
		};
		0DDE38A920A6BFA7001E7998 /* Resources */ = {
			isa = PBXResourcesBuildPhase;
			buildActionMask = 2147483647;
			files = (
			);
			runOnlyForDeploymentPostprocessing = 0;
		};
		0DDE38B420A6BFA7001E7998 /* Resources */ = {
			isa = PBXResourcesBuildPhase;
			buildActionMask = 2147483647;
			files = (
			);
			runOnlyForDeploymentPostprocessing = 0;
		};
/* End PBXResourcesBuildPhase section */

/* Begin PBXShellScriptBuildPhase section */
		1FA862D97E989A65200B16BB /* [CP] Check Pods Manifest.lock */ = {
			isa = PBXShellScriptBuildPhase;
			buildActionMask = 2147483647;
			files = (
			);
			inputPaths = (
				"${PODS_PODFILE_DIR_PATH}/Podfile.lock",
				"${PODS_ROOT}/Manifest.lock",
			);
			name = "[CP] Check Pods Manifest.lock";
			outputPaths = (
				"$(DERIVED_FILE_DIR)/Pods-manji-checkManifestLockResult.txt",
			);
			runOnlyForDeploymentPostprocessing = 0;
			shellPath = /bin/sh;
			shellScript = "diff \"${PODS_PODFILE_DIR_PATH}/Podfile.lock\" \"${PODS_ROOT}/Manifest.lock\" > /dev/null\nif [ $? != 0 ] ; then\n    # print error to STDERR\n    echo \"error: The sandbox is not in sync with the Podfile.lock. Run 'pod install' or update your CocoaPods installation.\" >&2\n    exit 1\nfi\n# This output is used by Xcode 'outputs' to avoid re-running this script phase.\necho \"SUCCESS\" > \"${SCRIPT_OUTPUT_FILE_0}\"\n";
			showEnvVarsInLog = 0;
		};
		6F8FD6F9E1CCB7DD0AAE5525 /* [CP] Check Pods Manifest.lock */ = {
			isa = PBXShellScriptBuildPhase;
			buildActionMask = 2147483647;
			files = (
			);
			inputPaths = (
				"${PODS_PODFILE_DIR_PATH}/Podfile.lock",
				"${PODS_ROOT}/Manifest.lock",
			);
			name = "[CP] Check Pods Manifest.lock";
			outputPaths = (
				"$(DERIVED_FILE_DIR)/Pods-manjiUITests-checkManifestLockResult.txt",
			);
			runOnlyForDeploymentPostprocessing = 0;
			shellPath = /bin/sh;
			shellScript = "diff \"${PODS_PODFILE_DIR_PATH}/Podfile.lock\" \"${PODS_ROOT}/Manifest.lock\" > /dev/null\nif [ $? != 0 ] ; then\n    # print error to STDERR\n    echo \"error: The sandbox is not in sync with the Podfile.lock. Run 'pod install' or update your CocoaPods installation.\" >&2\n    exit 1\nfi\n# This output is used by Xcode 'outputs' to avoid re-running this script phase.\necho \"SUCCESS\" > \"${SCRIPT_OUTPUT_FILE_0}\"\n";
			showEnvVarsInLog = 0;
		};
		92A1896BFCF6CB69A61DA42E /* [CP] Check Pods Manifest.lock */ = {
			isa = PBXShellScriptBuildPhase;
			buildActionMask = 2147483647;
			files = (
			);
			inputPaths = (
				"${PODS_PODFILE_DIR_PATH}/Podfile.lock",
				"${PODS_ROOT}/Manifest.lock",
			);
			name = "[CP] Check Pods Manifest.lock";
			outputPaths = (
				"$(DERIVED_FILE_DIR)/Pods-manjiTests-checkManifestLockResult.txt",
			);
			runOnlyForDeploymentPostprocessing = 0;
			shellPath = /bin/sh;
			shellScript = "diff \"${PODS_PODFILE_DIR_PATH}/Podfile.lock\" \"${PODS_ROOT}/Manifest.lock\" > /dev/null\nif [ $? != 0 ] ; then\n    # print error to STDERR\n    echo \"error: The sandbox is not in sync with the Podfile.lock. Run 'pod install' or update your CocoaPods installation.\" >&2\n    exit 1\nfi\n# This output is used by Xcode 'outputs' to avoid re-running this script phase.\necho \"SUCCESS\" > \"${SCRIPT_OUTPUT_FILE_0}\"\n";
			showEnvVarsInLog = 0;
		};
		9EFD5A0F4F6714FC7E932837 /* [CP] Embed Pods Frameworks */ = {
			isa = PBXShellScriptBuildPhase;
			buildActionMask = 2147483647;
			files = (
			);
			inputPaths = (
				"${SRCROOT}/Pods/Target Support Files/Pods-manji/Pods-manji-frameworks.sh",
				"${BUILT_PRODUCTS_DIR}/Alamofire/Alamofire.framework",
				"${BUILT_PRODUCTS_DIR}/ObjectMapper/ObjectMapper.framework",
				"${BUILT_PRODUCTS_DIR}/RxCocoa/RxCocoa.framework",
				"${BUILT_PRODUCTS_DIR}/RxSwift/RxSwift.framework",
			);
			name = "[CP] Embed Pods Frameworks";
			outputPaths = (
				"${TARGET_BUILD_DIR}/${FRAMEWORKS_FOLDER_PATH}/Alamofire.framework",
				"${TARGET_BUILD_DIR}/${FRAMEWORKS_FOLDER_PATH}/ObjectMapper.framework",
				"${TARGET_BUILD_DIR}/${FRAMEWORKS_FOLDER_PATH}/RxCocoa.framework",
				"${TARGET_BUILD_DIR}/${FRAMEWORKS_FOLDER_PATH}/RxSwift.framework",
			);
			runOnlyForDeploymentPostprocessing = 0;
			shellPath = /bin/sh;
			shellScript = "\"${SRCROOT}/Pods/Target Support Files/Pods-manji/Pods-manji-frameworks.sh\"\n";
			showEnvVarsInLog = 0;
		};
		F66F4FF0FFF934812E613DBC /* [CP] Embed Pods Frameworks */ = {
			isa = PBXShellScriptBuildPhase;
			buildActionMask = 2147483647;
			files = (
			);
			inputPaths = (
				"${SRCROOT}/Pods/Target Support Files/Pods-manjiTests/Pods-manjiTests-frameworks.sh",
				"${BUILT_PRODUCTS_DIR}/RxSwift/RxSwift.framework",
				"${BUILT_PRODUCTS_DIR}/RxBlocking/RxBlocking.framework",
				"${BUILT_PRODUCTS_DIR}/RxTest/RxTest.framework",
			);
			name = "[CP] Embed Pods Frameworks";
			outputPaths = (
				"${TARGET_BUILD_DIR}/${FRAMEWORKS_FOLDER_PATH}/RxSwift.framework",
				"${TARGET_BUILD_DIR}/${FRAMEWORKS_FOLDER_PATH}/RxBlocking.framework",
				"${TARGET_BUILD_DIR}/${FRAMEWORKS_FOLDER_PATH}/RxTest.framework",
			);
			runOnlyForDeploymentPostprocessing = 0;
			shellPath = /bin/sh;
			shellScript = "\"${SRCROOT}/Pods/Target Support Files/Pods-manjiTests/Pods-manjiTests-frameworks.sh\"\n";
			showEnvVarsInLog = 0;
		};
/* End PBXShellScriptBuildPhase section */

/* Begin PBXSourcesBuildPhase section */
		0DDE389320A6BFA6001E7998 /* Sources */ = {
			isa = PBXSourcesBuildPhase;
			buildActionMask = 2147483647;
			files = (
				0DDE389D20A6BFA6001E7998 /* ViewController.swift in Sources */,
				0DDE38DB20A74FBD001E7998 /* Diary.swift in Sources */,
				0DDE389B20A6BFA6001E7998 /* AppDelegate.swift in Sources */,
				8F72A87320A6D09A00FC09DB /* DetailViewController.swift in Sources */,
				8F72A87520A6D96E00FC09DB /* NewViewController.swift in Sources */,
				0DDE38D920A6C7BD001E7998 /* Api.swift in Sources */,
				0DDE38D820A6C7BD001E7998 /* ApiClient.swift in Sources */,
			);
			runOnlyForDeploymentPostprocessing = 0;
		};
		0DDE38A720A6BFA7001E7998 /* Sources */ = {
			isa = PBXSourcesBuildPhase;
			buildActionMask = 2147483647;
			files = (
				0DDE38B020A6BFA7001E7998 /* manjiTests.swift in Sources */,
			);
			runOnlyForDeploymentPostprocessing = 0;
		};
		0DDE38B220A6BFA7001E7998 /* Sources */ = {
			isa = PBXSourcesBuildPhase;
			buildActionMask = 2147483647;
			files = (
				0DDE38BB20A6BFA7001E7998 /* manjiUITests.swift in Sources */,
			);
			runOnlyForDeploymentPostprocessing = 0;
		};
/* End PBXSourcesBuildPhase section */

/* Begin PBXTargetDependency section */
		0DDE38AD20A6BFA7001E7998 /* PBXTargetDependency */ = {
			isa = PBXTargetDependency;
			target = 0DDE389620A6BFA6001E7998 /* manji */;
			targetProxy = 0DDE38AC20A6BFA7001E7998 /* PBXContainerItemProxy */;
		};
		0DDE38B820A6BFA7001E7998 /* PBXTargetDependency */ = {
			isa = PBXTargetDependency;
			target = 0DDE389620A6BFA6001E7998 /* manji */;
			targetProxy = 0DDE38B720A6BFA7001E7998 /* PBXContainerItemProxy */;
		};
/* End PBXTargetDependency section */

/* Begin PBXVariantGroup section */
		0DDE389E20A6BFA6001E7998 /* Main.storyboard */ = {
			isa = PBXVariantGroup;
			children = (
				0DDE389F20A6BFA6001E7998 /* Base */,
			);
			name = Main.storyboard;
			sourceTree = "<group>";
		};
		0DDE38A320A6BFA7001E7998 /* LaunchScreen.storyboard */ = {
			isa = PBXVariantGroup;
			children = (
				0DDE38A420A6BFA7001E7998 /* Base */,
			);
			name = LaunchScreen.storyboard;
			sourceTree = "<group>";
		};
/* End PBXVariantGroup section */

/* Begin XCBuildConfiguration section */
		0DDE38BD20A6BFA7001E7998 /* Debug */ = {
			isa = XCBuildConfiguration;
			buildSettings = {
				ALWAYS_SEARCH_USER_PATHS = NO;
				CLANG_ANALYZER_NONNULL = YES;
				CLANG_ANALYZER_NUMBER_OBJECT_CONVERSION = YES_AGGRESSIVE;
				CLANG_CXX_LANGUAGE_STANDARD = "gnu++14";
				CLANG_CXX_LIBRARY = "libc++";
				CLANG_ENABLE_MODULES = YES;
				CLANG_ENABLE_OBJC_ARC = YES;
				CLANG_ENABLE_OBJC_WEAK = YES;
				CLANG_WARN_BLOCK_CAPTURE_AUTORELEASING = YES;
				CLANG_WARN_BOOL_CONVERSION = YES;
				CLANG_WARN_COMMA = YES;
				CLANG_WARN_CONSTANT_CONVERSION = YES;
				CLANG_WARN_DEPRECATED_OBJC_IMPLEMENTATIONS = YES;
				CLANG_WARN_DIRECT_OBJC_ISA_USAGE = YES_ERROR;
				CLANG_WARN_DOCUMENTATION_COMMENTS = YES;
				CLANG_WARN_EMPTY_BODY = YES;
				CLANG_WARN_ENUM_CONVERSION = YES;
				CLANG_WARN_INFINITE_RECURSION = YES;
				CLANG_WARN_INT_CONVERSION = YES;
				CLANG_WARN_NON_LITERAL_NULL_CONVERSION = YES;
				CLANG_WARN_OBJC_IMPLICIT_RETAIN_SELF = YES;
				CLANG_WARN_OBJC_LITERAL_CONVERSION = YES;
				CLANG_WARN_OBJC_ROOT_CLASS = YES_ERROR;
				CLANG_WARN_RANGE_LOOP_ANALYSIS = YES;
				CLANG_WARN_STRICT_PROTOTYPES = YES;
				CLANG_WARN_SUSPICIOUS_MOVE = YES;
				CLANG_WARN_UNGUARDED_AVAILABILITY = YES_AGGRESSIVE;
				CLANG_WARN_UNREACHABLE_CODE = YES;
				CLANG_WARN__DUPLICATE_METHOD_MATCH = YES;
				CODE_SIGN_IDENTITY = "iPhone Developer";
				COPY_PHASE_STRIP = NO;
				DEBUG_INFORMATION_FORMAT = dwarf;
				ENABLE_STRICT_OBJC_MSGSEND = YES;
				ENABLE_TESTABILITY = YES;
				GCC_C_LANGUAGE_STANDARD = gnu11;
				GCC_DYNAMIC_NO_PIC = NO;
				GCC_NO_COMMON_BLOCKS = YES;
				GCC_OPTIMIZATION_LEVEL = 0;
				GCC_PREPROCESSOR_DEFINITIONS = (
					"DEBUG=1",
					"$(inherited)",
				);
				GCC_WARN_64_TO_32_BIT_CONVERSION = YES;
				GCC_WARN_ABOUT_RETURN_TYPE = YES_ERROR;
				GCC_WARN_UNDECLARED_SELECTOR = YES;
				GCC_WARN_UNINITIALIZED_AUTOS = YES_AGGRESSIVE;
				GCC_WARN_UNUSED_FUNCTION = YES;
				GCC_WARN_UNUSED_VARIABLE = YES;
				IPHONEOS_DEPLOYMENT_TARGET = 11.3;
				MTL_ENABLE_DEBUG_INFO = YES;
				ONLY_ACTIVE_ARCH = YES;
				SDKROOT = iphoneos;
				SWIFT_ACTIVE_COMPILATION_CONDITIONS = DEBUG;
				SWIFT_OPTIMIZATION_LEVEL = "-Onone";
			};
			name = Debug;
		};
		0DDE38BE20A6BFA7001E7998 /* Release */ = {
			isa = XCBuildConfiguration;
			buildSettings = {
				ALWAYS_SEARCH_USER_PATHS = NO;
				CLANG_ANALYZER_NONNULL = YES;
				CLANG_ANALYZER_NUMBER_OBJECT_CONVERSION = YES_AGGRESSIVE;
				CLANG_CXX_LANGUAGE_STANDARD = "gnu++14";
				CLANG_CXX_LIBRARY = "libc++";
				CLANG_ENABLE_MODULES = YES;
				CLANG_ENABLE_OBJC_ARC = YES;
				CLANG_ENABLE_OBJC_WEAK = YES;
				CLANG_WARN_BLOCK_CAPTURE_AUTORELEASING = YES;
				CLANG_WARN_BOOL_CONVERSION = YES;
				CLANG_WARN_COMMA = YES;
				CLANG_WARN_CONSTANT_CONVERSION = YES;
				CLANG_WARN_DEPRECATED_OBJC_IMPLEMENTATIONS = YES;
				CLANG_WARN_DIRECT_OBJC_ISA_USAGE = YES_ERROR;
				CLANG_WARN_DOCUMENTATION_COMMENTS = YES;
				CLANG_WARN_EMPTY_BODY = YES;
				CLANG_WARN_ENUM_CONVERSION = YES;
				CLANG_WARN_INFINITE_RECURSION = YES;
				CLANG_WARN_INT_CONVERSION = YES;
				CLANG_WARN_NON_LITERAL_NULL_CONVERSION = YES;
				CLANG_WARN_OBJC_IMPLICIT_RETAIN_SELF = YES;
				CLANG_WARN_OBJC_LITERAL_CONVERSION = YES;
				CLANG_WARN_OBJC_ROOT_CLASS = YES_ERROR;
				CLANG_WARN_RANGE_LOOP_ANALYSIS = YES;
				CLANG_WARN_STRICT_PROTOTYPES = YES;
				CLANG_WARN_SUSPICIOUS_MOVE = YES;
				CLANG_WARN_UNGUARDED_AVAILABILITY = YES_AGGRESSIVE;
				CLANG_WARN_UNREACHABLE_CODE = YES;
				CLANG_WARN__DUPLICATE_METHOD_MATCH = YES;
				CODE_SIGN_IDENTITY = "iPhone Developer";
				COPY_PHASE_STRIP = NO;
				DEBUG_INFORMATION_FORMAT = "dwarf-with-dsym";
				ENABLE_NS_ASSERTIONS = NO;
				ENABLE_STRICT_OBJC_MSGSEND = YES;
				GCC_C_LANGUAGE_STANDARD = gnu11;
				GCC_NO_COMMON_BLOCKS = YES;
				GCC_WARN_64_TO_32_BIT_CONVERSION = YES;
				GCC_WARN_ABOUT_RETURN_TYPE = YES_ERROR;
				GCC_WARN_UNDECLARED_SELECTOR = YES;
				GCC_WARN_UNINITIALIZED_AUTOS = YES_AGGRESSIVE;
				GCC_WARN_UNUSED_FUNCTION = YES;
				GCC_WARN_UNUSED_VARIABLE = YES;
				IPHONEOS_DEPLOYMENT_TARGET = 11.3;
				MTL_ENABLE_DEBUG_INFO = NO;
				SDKROOT = iphoneos;
				SWIFT_COMPILATION_MODE = wholemodule;
				SWIFT_OPTIMIZATION_LEVEL = "-O";
				VALIDATE_PRODUCT = YES;
			};
			name = Release;
		};
		0DDE38C020A6BFA7001E7998 /* Debug */ = {
			isa = XCBuildConfiguration;
			baseConfigurationReference = AFEE13AA61F50838F45E9862 /* Pods-manji.debug.xcconfig */;
			buildSettings = {
				ASSETCATALOG_COMPILER_APPICON_NAME = AppIcon;
				CODE_SIGN_STYLE = Automatic;
				DEVELOPMENT_TEAM = 355CZ5YAD5;
				INFOPLIST_FILE = manji/Info.plist;
				LD_RUNPATH_SEARCH_PATHS = (
					"$(inherited)",
					"@executable_path/Frameworks",
				);
				PRODUCT_BUNDLE_IDENTIFIER = com.manji1;
				PRODUCT_NAME = "$(TARGET_NAME)";
				SWIFT_VERSION = 4.0;
				TARGETED_DEVICE_FAMILY = "1,2";
			};
			name = Debug;
		};
		0DDE38C120A6BFA7001E7998 /* Release */ = {
			isa = XCBuildConfiguration;
			baseConfigurationReference = 24C9AA1A316C24BE6D0DC7F4 /* Pods-manji.release.xcconfig */;
			buildSettings = {
				ASSETCATALOG_COMPILER_APPICON_NAME = AppIcon;
				CODE_SIGN_STYLE = Automatic;
				DEVELOPMENT_TEAM = 355CZ5YAD5;
				INFOPLIST_FILE = manji/Info.plist;
				LD_RUNPATH_SEARCH_PATHS = (
					"$(inherited)",
					"@executable_path/Frameworks",
				);
				PRODUCT_BUNDLE_IDENTIFIER = com.manji1;
				PRODUCT_NAME = "$(TARGET_NAME)";
				SWIFT_VERSION = 4.0;
				TARGETED_DEVICE_FAMILY = "1,2";
			};
			name = Release;
		};
		0DDE38C320A6BFA7001E7998 /* Debug */ = {
			isa = XCBuildConfiguration;
			baseConfigurationReference = 10164D2C73EA16136C992DBB /* Pods-manjiTests.debug.xcconfig */;
			buildSettings = {
				ALWAYS_EMBED_SWIFT_STANDARD_LIBRARIES = YES;
				BUNDLE_LOADER = "$(TEST_HOST)";
				CODE_SIGN_STYLE = Automatic;
				INFOPLIST_FILE = manjiTests/Info.plist;
				LD_RUNPATH_SEARCH_PATHS = (
					"$(inherited)",
					"@executable_path/Frameworks",
					"@loader_path/Frameworks",
				);
				PRODUCT_BUNDLE_IDENTIFIER = com.manji.manjiTests;
				PRODUCT_NAME = "$(TARGET_NAME)";
				SWIFT_VERSION = 4.0;
				TARGETED_DEVICE_FAMILY = "1,2";
				TEST_HOST = "$(BUILT_PRODUCTS_DIR)/manji.app/manji";
			};
			name = Debug;
		};
		0DDE38C420A6BFA7001E7998 /* Release */ = {
			isa = XCBuildConfiguration;
			baseConfigurationReference = 4842AE24E264359CE9A587E4 /* Pods-manjiTests.release.xcconfig */;
			buildSettings = {
				ALWAYS_EMBED_SWIFT_STANDARD_LIBRARIES = YES;
				BUNDLE_LOADER = "$(TEST_HOST)";
				CODE_SIGN_STYLE = Automatic;
				INFOPLIST_FILE = manjiTests/Info.plist;
				LD_RUNPATH_SEARCH_PATHS = (
					"$(inherited)",
					"@executable_path/Frameworks",
					"@loader_path/Frameworks",
				);
				PRODUCT_BUNDLE_IDENTIFIER = com.manji.manjiTests;
				PRODUCT_NAME = "$(TARGET_NAME)";
				SWIFT_VERSION = 4.0;
				TARGETED_DEVICE_FAMILY = "1,2";
				TEST_HOST = "$(BUILT_PRODUCTS_DIR)/manji.app/manji";
			};
			name = Release;
		};
		0DDE38C620A6BFA7001E7998 /* Debug */ = {
			isa = XCBuildConfiguration;
			baseConfigurationReference = E011BFD7BA9CC3B772D962CC /* Pods-manjiUITests.debug.xcconfig */;
			buildSettings = {
				ALWAYS_EMBED_SWIFT_STANDARD_LIBRARIES = YES;
				CODE_SIGN_STYLE = Automatic;
				INFOPLIST_FILE = manjiUITests/Info.plist;
				LD_RUNPATH_SEARCH_PATHS = (
					"$(inherited)",
					"@executable_path/Frameworks",
					"@loader_path/Frameworks",
				);
				PRODUCT_BUNDLE_IDENTIFIER = com.manji.manjiUITests;
				PRODUCT_NAME = "$(TARGET_NAME)";
				SWIFT_VERSION = 4.0;
				TARGETED_DEVICE_FAMILY = "1,2";
				TEST_TARGET_NAME = manji;
			};
			name = Debug;
		};
		0DDE38C720A6BFA7001E7998 /* Release */ = {
			isa = XCBuildConfiguration;
			baseConfigurationReference = 2127F261E27CA2F85BE9BADA /* Pods-manjiUITests.release.xcconfig */;
			buildSettings = {
				ALWAYS_EMBED_SWIFT_STANDARD_LIBRARIES = YES;
				CODE_SIGN_STYLE = Automatic;
				INFOPLIST_FILE = manjiUITests/Info.plist;
				LD_RUNPATH_SEARCH_PATHS = (
					"$(inherited)",
					"@executable_path/Frameworks",
					"@loader_path/Frameworks",
				);
				PRODUCT_BUNDLE_IDENTIFIER = com.manji.manjiUITests;
				PRODUCT_NAME = "$(TARGET_NAME)";
				SWIFT_VERSION = 4.0;
				TARGETED_DEVICE_FAMILY = "1,2";
				TEST_TARGET_NAME = manji;
			};
			name = Release;
		};
/* End XCBuildConfiguration section */

/* Begin XCConfigurationList section */
		0DDE389220A6BFA6001E7998 /* Build configuration list for PBXProject "manji" */ = {
			isa = XCConfigurationList;
			buildConfigurations = (
				0DDE38BD20A6BFA7001E7998 /* Debug */,
				0DDE38BE20A6BFA7001E7998 /* Release */,
			);
			defaultConfigurationIsVisible = 0;
			defaultConfigurationName = Release;
		};
		0DDE38BF20A6BFA7001E7998 /* Build configuration list for PBXNativeTarget "manji" */ = {
			isa = XCConfigurationList;
			buildConfigurations = (
				0DDE38C020A6BFA7001E7998 /* Debug */,
				0DDE38C120A6BFA7001E7998 /* Release */,
			);
			defaultConfigurationIsVisible = 0;
			defaultConfigurationName = Release;
		};
		0DDE38C220A6BFA7001E7998 /* Build configuration list for PBXNativeTarget "manjiTests" */ = {
			isa = XCConfigurationList;
			buildConfigurations = (
				0DDE38C320A6BFA7001E7998 /* Debug */,
				0DDE38C420A6BFA7001E7998 /* Release */,
			);
			defaultConfigurationIsVisible = 0;
			defaultConfigurationName = Release;
		};
		0DDE38C520A6BFA7001E7998 /* Build configuration list for PBXNativeTarget "manjiUITests" */ = {
			isa = XCConfigurationList;
			buildConfigurations = (
				0DDE38C620A6BFA7001E7998 /* Debug */,
				0DDE38C720A6BFA7001E7998 /* Release */,
			);
			defaultConfigurationIsVisible = 0;
			defaultConfigurationName = Release;
		};
/* End XCConfigurationList section */
	};
	rootObject = 0DDE388F20A6BFA6001E7998 /* Project object */;
}
